
Microsoft Visual Studio Solution File, Format Version 12.00
# Visual Studio 2013
VisualStudioVersion = 12.0.31101.0
MinimumVisualStudioVersion = 10.0.40219.1
Project("{FAE04EC0-301F-11D3-BF4B-00C04F79EFBC}") = "GuidanceService", "GuidanceService\GuidanceService.csproj", "{374BF588-AE66-4B3D-869C-A3A3F08466F6}"
EndProject
Project("{FAE04EC0-301F-11D3-BF4B-00C04F79EFBC}") = "GuidanceEngine", "GuidanceEngine\GuidanceEngine.csproj", "{4213DE51-D95E-4004-8BFD-1F81D1F2B807}"
EndProject
Project("{FAE04EC0-301F-11D3-BF4B-00C04F79EFBC}") = "GuidanceClient", "GuidanceClient\GuidanceClient.csproj", "{DBB60994-1597-45EA-9BDD-6D815131415D}"
EndProject
Global
	GlobalSection(SolutionConfigurationPlatforms) = preSolution
		Debug|Any CPU = Debug|Any CPU
		Release|Any CPU = Release|Any CPU
	EndGlobalSection
	GlobalSection(ProjectConfigurationPlatforms) = postSolution
		{374BF588-AE66-4B3D-869C-A3A3F08466F6}.Debug|Any CPU.ActiveCfg = Debug|Any CPU
		{374BF588-AE66-4B3D-869C-A3A3F08466F6}.Debug|Any CPU.Build.0 = Debug|Any CPU
		{374BF588-AE66-4B3D-869C-A3A3F08466F6}.Release|Any CPU.ActiveCfg = Release|Any CPU
		{374BF588-AE66-4B3D-869C-A3A3F08466F6}.Release|Any CPU.Build.0 = Release|Any CPU
		{4213DE51-D95E-4004-8BFD-1F81D1F2B807}.Debug|Any CPU.ActiveCfg = Debug|Any CPU
		{4213DE51-D95E-4004-8BFD-1F81D1F2B807}.Debug|Any CPU.Build.0 = Debug|Any CPU
		{4213DE51-D95E-4004-8BFD-1F81D1F2B807}.Release|Any CPU.ActiveCfg = Release|Any CPU
		{4213DE51-D95E-4004-8BFD-1F81D1F2B807}.Release|Any CPU.Build.0 = Release|Any CPU
		{DBB60994-1597-45EA-9BDD-6D815131415D}.Debug|Any CPU.ActiveCfg = Debug|Any CPU
		{DBB60994-1597-45EA-9BDD-6D815131415D}.Debug|Any CPU.Build.0 = Debug|Any CPU
		{DBB60994-1597-45EA-9BDD-6D815131415D}.Release|Any CPU.ActiveCfg = Release|Any CPU
		{DBB60994-1597-45EA-9BDD-6D815131415D}.Release|Any CPU.Build.0 = Release|Any CPU
	EndGlobalSection
	GlobalSection(SolutionProperties) = preSolution
		HideSolutionNode = FALSE
	EndGlobalSection
EndGlobal
